
Microsoft Visual Studio Solution File, Format Version 12.00
# Visual Studio for Mac
Project("{FAE04EC0-301F-11D3-BF4B-00C04F79EFBC}") = "Unity AR Tutorial", "Unity AR Tutorial.csproj", "{4CD471AC-E1E1-0DA2-BD05-0E38D9F73E13}"
EndProject
Project("{FAE04EC0-301F-11D3-BF4B-00C04F79EFBC}") = "Unity AR Tutorial.Editor", "Unity AR Tutorial.Editor.csproj", "{FA8BDB40-96E6-8FAE-3920-1A232DBEC3E8}"
EndProject
Global
	GlobalSection(SolutionConfigurationPlatforms) = preSolution
		Debug|Any CPU = Debug|Any CPU
		Release|Any CPU = Release|Any CPU
	EndGlobalSection
	GlobalSection(ProjectConfigurationPlatforms) = postSolution
		{4CD471AC-E1E1-0DA2-BD05-0E38D9F73E13}.Debug|Any CPU.ActiveCfg = Debug|Any CPU
		{4CD471AC-E1E1-0DA2-BD05-0E38D9F73E13}.Debug|Any CPU.Build.0 = Debug|Any CPU
		{4CD471AC-E1E1-0DA2-BD05-0E38D9F73E13}.Release|Any CPU.ActiveCfg = Release|Any CPU
		{4CD471AC-E1E1-0DA2-BD05-0E38D9F73E13}.Release|Any CPU.Build.0 = Release|Any CPU
		{FA8BDB40-96E6-8FAE-3920-1A232DBEC3E8}.Debug|Any CPU.ActiveCfg = Debug|Any CPU
		{FA8BDB40-96E6-8FAE-3920-1A232DBEC3E8}.Debug|Any CPU.Build.0 = Debug|Any CPU
		{FA8BDB40-96E6-8FAE-3920-1A232DBEC3E8}.Release|Any CPU.ActiveCfg = Release|Any CPU
		{FA8BDB40-96E6-8FAE-3920-1A232DBEC3E8}.Release|Any CPU.Build.0 = Release|Any CPU
	EndGlobalSection
	GlobalSection(SolutionProperties) = preSolution
		HideSolutionNode = FALSE
	EndGlobalSection
EndGlobal
